
Microsoft Visual Studio Solution File, Format Version 12.00
# Visual Studio Version 17
VisualStudioVersion = 17.11.35327.3
MinimumVisualStudioVersion = 10.0.40219.1
Project("{FAE04EC0-301F-11D3-BF4B-00C04F79EFBC}") = "WebBackend", "WebBackend\WebBackend.csproj", "{B79F9DEF-2B43-45C8-B6C3-091F0E3C351D}"
EndProject
Global
	GlobalSection(SolutionConfigurationPlatforms) = preSolution
		Debug|Any CPU = Debug|Any CPU
		Release|Any CPU = Release|Any CPU
	EndGlobalSection
	GlobalSection(ProjectConfigurationPlatforms) = postSolution
		{B79F9DEF-2B43-45C8-B6C3-091F0E3C351D}.Debug|Any CPU.ActiveCfg = Debug|Any CPU
		{B79F9DEF-2B43-45C8-B6C3-091F0E3C351D}.Debug|Any CPU.Build.0 = Debug|Any CPU
		{B79F9DEF-2B43-45C8-B6C3-091F0E3C351D}.Release|Any CPU.ActiveCfg = Release|Any CPU
		{B79F9DEF-2B43-45C8-B6C3-091F0E3C351D}.Release|Any CPU.Build.0 = Release|Any CPU
	EndGlobalSection
	GlobalSection(SolutionProperties) = preSolution
		HideSolutionNode = FALSE
	EndGlobalSection
	GlobalSection(ExtensibilityGlobals) = postSolution
		SolutionGuid = {A527BDE9-8DC1-4742-AA69-39B5C454C160}
	EndGlobalSection
EndGlobal
